
Microsoft Visual Studio Solution File, Format Version 12.00
# Visual Studio Version 16
VisualStudioVersion = 16.0.31313.381
MinimumVisualStudioVersion = 10.0.40219.1
Project("{FAE04EC0-301F-11D3-BF4B-00C04F79EFBC}") = "IdentityServer", "IdentityServer4\IdentityServer.csproj", "{4F61FB86-FA39-4636-929F-6B9C774BA4EA}"
EndProject
Global
	GlobalSection(SolutionConfigurationPlatforms) = preSolution
		Debug|Any CPU = Debug|Any CPU
		Release|Any CPU = Release|Any CPU
	EndGlobalSection
	GlobalSection(ProjectConfigurationPlatforms) = postSolution
		{4F61FB86-FA39-4636-929F-6B9C774BA4EA}.Debug|Any CPU.ActiveCfg = Debug|Any CPU
		{4F61FB86-FA39-4636-929F-6B9C774BA4EA}.Debug|Any CPU.Build.0 = Debug|Any CPU
		{4F61FB86-FA39-4636-929F-6B9C774BA4EA}.Release|Any CPU.ActiveCfg = Release|Any CPU
		{4F61FB86-FA39-4636-929F-6B9C774BA4EA}.Release|Any CPU.Build.0 = Release|Any CPU
	EndGlobalSection
	GlobalSection(SolutionProperties) = preSolution
		HideSolutionNode = FALSE
	EndGlobalSection
	GlobalSection(ExtensibilityGlobals) = postSolution
		SolutionGuid = {B3A94173-FFEA-4364-9ED0-A16C244CEC95}
	EndGlobalSection
EndGlobal
