
Microsoft Visual Studio Solution File, Format Version 12.00
# Visual Studio 15
VisualStudioVersion = 15.0.26124.0
MinimumVisualStudioVersion = 15.0.26124.0
Project("{2150E333-8FDC-42A3-9474-1A3956D46DE8}") = "Api", "Api", "{94247EAD-3B57-4CC5-B001-56EBBB2A88A0}"
EndProject
Project("{FAE04EC0-301F-11D3-BF4B-00C04F79EFBC}") = "Api", "Api\Api\Api.csproj", "{D542D6B5-2466-4475-96C6-B0D3AE6C6A4E}"
EndProject
Project("{2150E333-8FDC-42A3-9474-1A3956D46DE8}") = "Client", "Client", "{3957F9B7-DB49-47F7-A706-5D5AC575D2A8}"
EndProject
Project("{FAE04EC0-301F-11D3-BF4B-00C04F79EFBC}") = "Client", "Client\Client\Client.csproj", "{8FDBA274-9867-407D-BEE8-3D8C67F72362}"
EndProject
Project("{2150E333-8FDC-42A3-9474-1A3956D46DE8}") = "Server", "Server", "{F0D7AE93-E8DC-418B-8F49-CA50DE846647}"
EndProject
Project("{FAE04EC0-301F-11D3-BF4B-00C04F79EFBC}") = "Server", "Server\Server\Server.csproj", "{23A35310-6B41-41F8-AC78-FE6D15B689A0}"
EndProject
Global
	GlobalSection(SolutionConfigurationPlatforms) = preSolution
		Debug|Any CPU = Debug|Any CPU
		Debug|x64 = Debug|x64
		Debug|x86 = Debug|x86
		Release|Any CPU = Release|Any CPU
		Release|x64 = Release|x64
		Release|x86 = Release|x86
	EndGlobalSection
	GlobalSection(SolutionProperties) = preSolution
		HideSolutionNode = FALSE
	EndGlobalSection
	GlobalSection(ProjectConfigurationPlatforms) = postSolution
		{D542D6B5-2466-4475-96C6-B0D3AE6C6A4E}.Debug|Any CPU.ActiveCfg = Debug|Any CPU
		{D542D6B5-2466-4475-96C6-B0D3AE6C6A4E}.Debug|Any CPU.Build.0 = Debug|Any CPU
		{D542D6B5-2466-4475-96C6-B0D3AE6C6A4E}.Debug|x64.ActiveCfg = Debug|Any CPU
		{D542D6B5-2466-4475-96C6-B0D3AE6C6A4E}.Debug|x64.Build.0 = Debug|Any CPU
		{D542D6B5-2466-4475-96C6-B0D3AE6C6A4E}.Debug|x86.ActiveCfg = Debug|Any CPU
		{D542D6B5-2466-4475-96C6-B0D3AE6C6A4E}.Debug|x86.Build.0 = Debug|Any CPU
		{D542D6B5-2466-4475-96C6-B0D3AE6C6A4E}.Release|Any CPU.ActiveCfg = Release|Any CPU
		{D542D6B5-2466-4475-96C6-B0D3AE6C6A4E}.Release|Any CPU.Build.0 = Release|Any CPU
		{D542D6B5-2466-4475-96C6-B0D3AE6C6A4E}.Release|x64.ActiveCfg = Release|Any CPU
		{D542D6B5-2466-4475-96C6-B0D3AE6C6A4E}.Release|x64.Build.0 = Release|Any CPU
		{D542D6B5-2466-4475-96C6-B0D3AE6C6A4E}.Release|x86.ActiveCfg = Release|Any CPU
		{D542D6B5-2466-4475-96C6-B0D3AE6C6A4E}.Release|x86.Build.0 = Release|Any CPU
		{8FDBA274-9867-407D-BEE8-3D8C67F72362}.Debug|Any CPU.ActiveCfg = Debug|Any CPU
		{8FDBA274-9867-407D-BEE8-3D8C67F72362}.Debug|Any CPU.Build.0 = Debug|Any CPU
		{8FDBA274-9867-407D-BEE8-3D8C67F72362}.Debug|x64.ActiveCfg = Debug|Any CPU
		{8FDBA274-9867-407D-BEE8-3D8C67F72362}.Debug|x64.Build.0 = Debug|Any CPU
		{8FDBA274-9867-407D-BEE8-3D8C67F72362}.Debug|x86.ActiveCfg = Debug|Any CPU
		{8FDBA274-9867-407D-BEE8-3D8C67F72362}.Debug|x86.Build.0 = Debug|Any CPU
		{8FDBA274-9867-407D-BEE8-3D8C67F72362}.Release|Any CPU.ActiveCfg = Release|Any CPU
		{8FDBA274-9867-407D-BEE8-3D8C67F72362}.Release|Any CPU.Build.0 = Release|Any CPU
		{8FDBA274-9867-407D-BEE8-3D8C67F72362}.Release|x64.ActiveCfg = Release|Any CPU
		{8FDBA274-9867-407D-BEE8-3D8C67F72362}.Release|x64.Build.0 = Release|Any CPU
		{8FDBA274-9867-407D-BEE8-3D8C67F72362}.Release|x86.ActiveCfg = Release|Any CPU
		{8FDBA274-9867-407D-BEE8-3D8C67F72362}.Release|x86.Build.0 = Release|Any CPU
		{23A35310-6B41-41F8-AC78-FE6D15B689A0}.Debug|Any CPU.ActiveCfg = Debug|Any CPU
		{23A35310-6B41-41F8-AC78-FE6D15B689A0}.Debug|Any CPU.Build.0 = Debug|Any CPU
		{23A35310-6B41-41F8-AC78-FE6D15B689A0}.Debug|x64.ActiveCfg = Debug|Any CPU
		{23A35310-6B41-41F8-AC78-FE6D15B689A0}.Debug|x64.Build.0 = Debug|Any CPU
		{23A35310-6B41-41F8-AC78-FE6D15B689A0}.Debug|x86.ActiveCfg = Debug|Any CPU
		{23A35310-6B41-41F8-AC78-FE6D15B689A0}.Debug|x86.Build.0 = Debug|Any CPU
		{23A35310-6B41-41F8-AC78-FE6D15B689A0}.Release|Any CPU.ActiveCfg = Release|Any CPU
		{23A35310-6B41-41F8-AC78-FE6D15B689A0}.Release|Any CPU.Build.0 = Release|Any CPU
		{23A35310-6B41-41F8-AC78-FE6D15B689A0}.Release|x64.ActiveCfg = Release|Any CPU
		{23A35310-6B41-41F8-AC78-FE6D15B689A0}.Release|x64.Build.0 = Release|Any CPU
		{23A35310-6B41-41F8-AC78-FE6D15B689A0}.Release|x86.ActiveCfg = Release|Any CPU
		{23A35310-6B41-41F8-AC78-FE6D15B689A0}.Release|x86.Build.0 = Release|Any CPU
	EndGlobalSection
	GlobalSection(NestedProjects) = preSolution
		{D542D6B5-2466-4475-96C6-B0D3AE6C6A4E} = {94247EAD-3B57-4CC5-B001-56EBBB2A88A0}
		{8FDBA274-9867-407D-BEE8-3D8C67F72362} = {3957F9B7-DB49-47F7-A706-5D5AC575D2A8}
		{23A35310-6B41-41F8-AC78-FE6D15B689A0} = {F0D7AE93-E8DC-418B-8F49-CA50DE846647}
	EndGlobalSection
EndGlobal
