
Microsoft Visual Studio Solution File, Format Version 12.00
# Visual Studio 15
VisualStudioVersion = 15.0.26124.0
MinimumVisualStudioVersion = 15.0.26124.0
Project("{2150E333-8FDC-42A3-9474-1A3956D46DE8}") = "Api", "Api", "{D02FAAA4-37FA-4D18-9C69-6870CF290DA5}"
EndProject
Project("{FAE04EC0-301F-11D3-BF4B-00C04F79EFBC}") = "Api", "Api\Api\Api.csproj", "{56DDD80C-460C-488E-96CC-BB5AB57ED054}"
EndProject
Project("{2150E333-8FDC-42A3-9474-1A3956D46DE8}") = "Client", "Client", "{1E81FB61-0F4A-4950-AD53-F0DBBFD60517}"
EndProject
Project("{FAE04EC0-301F-11D3-BF4B-00C04F79EFBC}") = "Client", "Client\Client\Client.csproj", "{22EE7B36-A6EC-4667-AC97-582000272BD6}"
EndProject
Project("{2150E333-8FDC-42A3-9474-1A3956D46DE8}") = "Server", "Server", "{B54CCE84-7314-437B-96A6-84F5A9F5E117}"
EndProject
Project("{FAE04EC0-301F-11D3-BF4B-00C04F79EFBC}") = "Server", "Server\Server\Server.csproj", "{6B240C8A-F022-4F61-83C3-59EF4DB4F62A}"
EndProject
Global
	GlobalSection(SolutionConfigurationPlatforms) = preSolution
		Debug|Any CPU = Debug|Any CPU
		Debug|x64 = Debug|x64
		Debug|x86 = Debug|x86
		Release|Any CPU = Release|Any CPU
		Release|x64 = Release|x64
		Release|x86 = Release|x86
	EndGlobalSection
	GlobalSection(SolutionProperties) = preSolution
		HideSolutionNode = FALSE
	EndGlobalSection
	GlobalSection(ProjectConfigurationPlatforms) = postSolution
		{56DDD80C-460C-488E-96CC-BB5AB57ED054}.Debug|Any CPU.ActiveCfg = Debug|Any CPU
		{56DDD80C-460C-488E-96CC-BB5AB57ED054}.Debug|Any CPU.Build.0 = Debug|Any CPU
		{56DDD80C-460C-488E-96CC-BB5AB57ED054}.Debug|x64.ActiveCfg = Debug|Any CPU
		{56DDD80C-460C-488E-96CC-BB5AB57ED054}.Debug|x64.Build.0 = Debug|Any CPU
		{56DDD80C-460C-488E-96CC-BB5AB57ED054}.Debug|x86.ActiveCfg = Debug|Any CPU
		{56DDD80C-460C-488E-96CC-BB5AB57ED054}.Debug|x86.Build.0 = Debug|Any CPU
		{56DDD80C-460C-488E-96CC-BB5AB57ED054}.Release|Any CPU.ActiveCfg = Release|Any CPU
		{56DDD80C-460C-488E-96CC-BB5AB57ED054}.Release|Any CPU.Build.0 = Release|Any CPU
		{56DDD80C-460C-488E-96CC-BB5AB57ED054}.Release|x64.ActiveCfg = Release|Any CPU
		{56DDD80C-460C-488E-96CC-BB5AB57ED054}.Release|x64.Build.0 = Release|Any CPU
		{56DDD80C-460C-488E-96CC-BB5AB57ED054}.Release|x86.ActiveCfg = Release|Any CPU
		{56DDD80C-460C-488E-96CC-BB5AB57ED054}.Release|x86.Build.0 = Release|Any CPU
		{22EE7B36-A6EC-4667-AC97-582000272BD6}.Debug|Any CPU.ActiveCfg = Debug|Any CPU
		{22EE7B36-A6EC-4667-AC97-582000272BD6}.Debug|Any CPU.Build.0 = Debug|Any CPU
		{22EE7B36-A6EC-4667-AC97-582000272BD6}.Debug|x64.ActiveCfg = Debug|Any CPU
		{22EE7B36-A6EC-4667-AC97-582000272BD6}.Debug|x64.Build.0 = Debug|Any CPU
		{22EE7B36-A6EC-4667-AC97-582000272BD6}.Debug|x86.ActiveCfg = Debug|Any CPU
		{22EE7B36-A6EC-4667-AC97-582000272BD6}.Debug|x86.Build.0 = Debug|Any CPU
		{22EE7B36-A6EC-4667-AC97-582000272BD6}.Release|Any CPU.ActiveCfg = Release|Any CPU
		{22EE7B36-A6EC-4667-AC97-582000272BD6}.Release|Any CPU.Build.0 = Release|Any CPU
		{22EE7B36-A6EC-4667-AC97-582000272BD6}.Release|x64.ActiveCfg = Release|Any CPU
		{22EE7B36-A6EC-4667-AC97-582000272BD6}.Release|x64.Build.0 = Release|Any CPU
		{22EE7B36-A6EC-4667-AC97-582000272BD6}.Release|x86.ActiveCfg = Release|Any CPU
		{22EE7B36-A6EC-4667-AC97-582000272BD6}.Release|x86.Build.0 = Release|Any CPU
		{6B240C8A-F022-4F61-83C3-59EF4DB4F62A}.Debug|Any CPU.ActiveCfg = Debug|Any CPU
		{6B240C8A-F022-4F61-83C3-59EF4DB4F62A}.Debug|Any CPU.Build.0 = Debug|Any CPU
		{6B240C8A-F022-4F61-83C3-59EF4DB4F62A}.Debug|x64.ActiveCfg = Debug|Any CPU
		{6B240C8A-F022-4F61-83C3-59EF4DB4F62A}.Debug|x64.Build.0 = Debug|Any CPU
		{6B240C8A-F022-4F61-83C3-59EF4DB4F62A}.Debug|x86.ActiveCfg = Debug|Any CPU
		{6B240C8A-F022-4F61-83C3-59EF4DB4F62A}.Debug|x86.Build.0 = Debug|Any CPU
		{6B240C8A-F022-4F61-83C3-59EF4DB4F62A}.Release|Any CPU.ActiveCfg = Release|Any CPU
		{6B240C8A-F022-4F61-83C3-59EF4DB4F62A}.Release|Any CPU.Build.0 = Release|Any CPU
		{6B240C8A-F022-4F61-83C3-59EF4DB4F62A}.Release|x64.ActiveCfg = Release|Any CPU
		{6B240C8A-F022-4F61-83C3-59EF4DB4F62A}.Release|x64.Build.0 = Release|Any CPU
		{6B240C8A-F022-4F61-83C3-59EF4DB4F62A}.Release|x86.ActiveCfg = Release|Any CPU
		{6B240C8A-F022-4F61-83C3-59EF4DB4F62A}.Release|x86.Build.0 = Release|Any CPU
	EndGlobalSection
	GlobalSection(NestedProjects) = preSolution
		{56DDD80C-460C-488E-96CC-BB5AB57ED054} = {D02FAAA4-37FA-4D18-9C69-6870CF290DA5}
		{22EE7B36-A6EC-4667-AC97-582000272BD6} = {1E81FB61-0F4A-4950-AD53-F0DBBFD60517}
		{6B240C8A-F022-4F61-83C3-59EF4DB4F62A} = {B54CCE84-7314-437B-96A6-84F5A9F5E117}
	EndGlobalSection
EndGlobal
