
Microsoft Visual Studio Solution File, Format Version 12.00
# Visual Studio 15
VisualStudioVersion = 15.0.26124.0
MinimumVisualStudioVersion = 15.0.26124.0
Project("{2150E333-8FDC-42A3-9474-1A3956D46DE8}") = "Api", "Api", "{8DB75E9E-0689-4A18-9F93-A94B5078A823}"
EndProject
Project("{FAE04EC0-301F-11D3-BF4B-00C04F79EFBC}") = "Api", "Api\Api\Api.csproj", "{6491E35A-9E05-4DF1-8306-FB8FAACAC7A2}"
EndProject
Project("{2150E333-8FDC-42A3-9474-1A3956D46DE8}") = "Client", "Client", "{D8D8E56E-F09B-45E1-9831-8C77A1B3536E}"
EndProject
Project("{FAE04EC0-301F-11D3-BF4B-00C04F79EFBC}") = "Client", "Client\Client\Client.csproj", "{F64BCFD7-7EB0-481E-B477-BD2C12C163CB}"
EndProject
Project("{2150E333-8FDC-42A3-9474-1A3956D46DE8}") = "Server", "Server", "{E0D23FB8-463E-414D-8D5E-13FA99F86FFC}"
EndProject
Project("{FAE04EC0-301F-11D3-BF4B-00C04F79EFBC}") = "Server", "Server\Server\Server.csproj", "{5B5DA02C-1D6A-4C5D-A3FA-B8346D4B13B2}"
EndProject
Global
	GlobalSection(SolutionConfigurationPlatforms) = preSolution
		Debug|Any CPU = Debug|Any CPU
		Debug|x64 = Debug|x64
		Debug|x86 = Debug|x86
		Release|Any CPU = Release|Any CPU
		Release|x64 = Release|x64
		Release|x86 = Release|x86
	EndGlobalSection
	GlobalSection(SolutionProperties) = preSolution
		HideSolutionNode = FALSE
	EndGlobalSection
	GlobalSection(ProjectConfigurationPlatforms) = postSolution
		{6491E35A-9E05-4DF1-8306-FB8FAACAC7A2}.Debug|Any CPU.ActiveCfg = Debug|Any CPU
		{6491E35A-9E05-4DF1-8306-FB8FAACAC7A2}.Debug|Any CPU.Build.0 = Debug|Any CPU
		{6491E35A-9E05-4DF1-8306-FB8FAACAC7A2}.Debug|x64.ActiveCfg = Debug|Any CPU
		{6491E35A-9E05-4DF1-8306-FB8FAACAC7A2}.Debug|x64.Build.0 = Debug|Any CPU
		{6491E35A-9E05-4DF1-8306-FB8FAACAC7A2}.Debug|x86.ActiveCfg = Debug|Any CPU
		{6491E35A-9E05-4DF1-8306-FB8FAACAC7A2}.Debug|x86.Build.0 = Debug|Any CPU
		{6491E35A-9E05-4DF1-8306-FB8FAACAC7A2}.Release|Any CPU.ActiveCfg = Release|Any CPU
		{6491E35A-9E05-4DF1-8306-FB8FAACAC7A2}.Release|Any CPU.Build.0 = Release|Any CPU
		{6491E35A-9E05-4DF1-8306-FB8FAACAC7A2}.Release|x64.ActiveCfg = Release|Any CPU
		{6491E35A-9E05-4DF1-8306-FB8FAACAC7A2}.Release|x64.Build.0 = Release|Any CPU
		{6491E35A-9E05-4DF1-8306-FB8FAACAC7A2}.Release|x86.ActiveCfg = Release|Any CPU
		{6491E35A-9E05-4DF1-8306-FB8FAACAC7A2}.Release|x86.Build.0 = Release|Any CPU
		{F64BCFD7-7EB0-481E-B477-BD2C12C163CB}.Debug|Any CPU.ActiveCfg = Debug|Any CPU
		{F64BCFD7-7EB0-481E-B477-BD2C12C163CB}.Debug|Any CPU.Build.0 = Debug|Any CPU
		{F64BCFD7-7EB0-481E-B477-BD2C12C163CB}.Debug|x64.ActiveCfg = Debug|Any CPU
		{F64BCFD7-7EB0-481E-B477-BD2C12C163CB}.Debug|x64.Build.0 = Debug|Any CPU
		{F64BCFD7-7EB0-481E-B477-BD2C12C163CB}.Debug|x86.ActiveCfg = Debug|Any CPU
		{F64BCFD7-7EB0-481E-B477-BD2C12C163CB}.Debug|x86.Build.0 = Debug|Any CPU
		{F64BCFD7-7EB0-481E-B477-BD2C12C163CB}.Release|Any CPU.ActiveCfg = Release|Any CPU
		{F64BCFD7-7EB0-481E-B477-BD2C12C163CB}.Release|Any CPU.Build.0 = Release|Any CPU
		{F64BCFD7-7EB0-481E-B477-BD2C12C163CB}.Release|x64.ActiveCfg = Release|Any CPU
		{F64BCFD7-7EB0-481E-B477-BD2C12C163CB}.Release|x64.Build.0 = Release|Any CPU
		{F64BCFD7-7EB0-481E-B477-BD2C12C163CB}.Release|x86.ActiveCfg = Release|Any CPU
		{F64BCFD7-7EB0-481E-B477-BD2C12C163CB}.Release|x86.Build.0 = Release|Any CPU
		{5B5DA02C-1D6A-4C5D-A3FA-B8346D4B13B2}.Debug|Any CPU.ActiveCfg = Debug|Any CPU
		{5B5DA02C-1D6A-4C5D-A3FA-B8346D4B13B2}.Debug|Any CPU.Build.0 = Debug|Any CPU
		{5B5DA02C-1D6A-4C5D-A3FA-B8346D4B13B2}.Debug|x64.ActiveCfg = Debug|Any CPU
		{5B5DA02C-1D6A-4C5D-A3FA-B8346D4B13B2}.Debug|x64.Build.0 = Debug|Any CPU
		{5B5DA02C-1D6A-4C5D-A3FA-B8346D4B13B2}.Debug|x86.ActiveCfg = Debug|Any CPU
		{5B5DA02C-1D6A-4C5D-A3FA-B8346D4B13B2}.Debug|x86.Build.0 = Debug|Any CPU
		{5B5DA02C-1D6A-4C5D-A3FA-B8346D4B13B2}.Release|Any CPU.ActiveCfg = Release|Any CPU
		{5B5DA02C-1D6A-4C5D-A3FA-B8346D4B13B2}.Release|Any CPU.Build.0 = Release|Any CPU
		{5B5DA02C-1D6A-4C5D-A3FA-B8346D4B13B2}.Release|x64.ActiveCfg = Release|Any CPU
		{5B5DA02C-1D6A-4C5D-A3FA-B8346D4B13B2}.Release|x64.Build.0 = Release|Any CPU
		{5B5DA02C-1D6A-4C5D-A3FA-B8346D4B13B2}.Release|x86.ActiveCfg = Release|Any CPU
		{5B5DA02C-1D6A-4C5D-A3FA-B8346D4B13B2}.Release|x86.Build.0 = Release|Any CPU
	EndGlobalSection
	GlobalSection(NestedProjects) = preSolution
		{6491E35A-9E05-4DF1-8306-FB8FAACAC7A2} = {8DB75E9E-0689-4A18-9F93-A94B5078A823}
		{F64BCFD7-7EB0-481E-B477-BD2C12C163CB} = {D8D8E56E-F09B-45E1-9831-8C77A1B3536E}
		{5B5DA02C-1D6A-4C5D-A3FA-B8346D4B13B2} = {E0D23FB8-463E-414D-8D5E-13FA99F86FFC}
	EndGlobalSection
EndGlobal
